
Microsoft Visual Studio Solution File, Format Version 12.00
# Visual Studio Version 17
VisualStudioVersion = 17.11.35222.181
MinimumVisualStudioVersion = 10.0.40219.1
Project("{FAE04EC0-301F-11D3-BF4B-00C04F79EFBC}") = "No.15552", "No.15552\No.15552.csproj", "{35C2D1D7-717A-4DC4-A79F-3E16B50C60DA}"
EndProject
Global
	GlobalSection(SolutionConfigurationPlatforms) = preSolution
		Debug|Any CPU = Debug|Any CPU
		Release|Any CPU = Release|Any CPU
	EndGlobalSection
	GlobalSection(ProjectConfigurationPlatforms) = postSolution
		{35C2D1D7-717A-4DC4-A79F-3E16B50C60DA}.Debug|Any CPU.ActiveCfg = Debug|Any CPU
		{35C2D1D7-717A-4DC4-A79F-3E16B50C60DA}.Debug|Any CPU.Build.0 = Debug|Any CPU
		{35C2D1D7-717A-4DC4-A79F-3E16B50C60DA}.Release|Any CPU.ActiveCfg = Release|Any CPU
		{35C2D1D7-717A-4DC4-A79F-3E16B50C60DA}.Release|Any CPU.Build.0 = Release|Any CPU
	EndGlobalSection
	GlobalSection(SolutionProperties) = preSolution
		HideSolutionNode = FALSE
	EndGlobalSection
	GlobalSection(ExtensibilityGlobals) = postSolution
		SolutionGuid = {9F65F3C8-BBAE-4B55-B267-8587BE7261F6}
	EndGlobalSection
EndGlobal
