
Microsoft Visual Studio Solution File, Format Version 12.00
# Visual Studio Version 17
VisualStudioVersion = 17.11.35222.181
MinimumVisualStudioVersion = 10.0.40219.1
Project("{FAE04EC0-301F-11D3-BF4B-00C04F79EFBC}") = "No.10809", "No.10809\No.10809.csproj", "{F9AD485B-0D86-461A-B765-59F1AF3952F3}"
EndProject
Global
	GlobalSection(SolutionConfigurationPlatforms) = preSolution
		Debug|Any CPU = Debug|Any CPU
		Release|Any CPU = Release|Any CPU
	EndGlobalSection
	GlobalSection(ProjectConfigurationPlatforms) = postSolution
		{F9AD485B-0D86-461A-B765-59F1AF3952F3}.Debug|Any CPU.ActiveCfg = Debug|Any CPU
		{F9AD485B-0D86-461A-B765-59F1AF3952F3}.Debug|Any CPU.Build.0 = Debug|Any CPU
		{F9AD485B-0D86-461A-B765-59F1AF3952F3}.Release|Any CPU.ActiveCfg = Release|Any CPU
		{F9AD485B-0D86-461A-B765-59F1AF3952F3}.Release|Any CPU.Build.0 = Release|Any CPU
	EndGlobalSection
	GlobalSection(SolutionProperties) = preSolution
		HideSolutionNode = FALSE
	EndGlobalSection
	GlobalSection(ExtensibilityGlobals) = postSolution
		SolutionGuid = {742C246F-2F28-4206-8F1B-185DF92C63F0}
	EndGlobalSection
EndGlobal
