
Microsoft Visual Studio Solution File, Format Version 12.00
# Visual Studio Version 17
VisualStudioVersion = 17.11.35222.181
MinimumVisualStudioVersion = 10.0.40219.1
Project("{FAE04EC0-301F-11D3-BF4B-00C04F79EFBC}") = "No.10172", "No.10172\No.10172.csproj", "{3659D86A-90EF-413E-B9EB-D4EF32E26B04}"
EndProject
Global
	GlobalSection(SolutionConfigurationPlatforms) = preSolution
		Debug|Any CPU = Debug|Any CPU
		Release|Any CPU = Release|Any CPU
	EndGlobalSection
	GlobalSection(ProjectConfigurationPlatforms) = postSolution
		{3659D86A-90EF-413E-B9EB-D4EF32E26B04}.Debug|Any CPU.ActiveCfg = Debug|Any CPU
		{3659D86A-90EF-413E-B9EB-D4EF32E26B04}.Debug|Any CPU.Build.0 = Debug|Any CPU
		{3659D86A-90EF-413E-B9EB-D4EF32E26B04}.Release|Any CPU.ActiveCfg = Release|Any CPU
		{3659D86A-90EF-413E-B9EB-D4EF32E26B04}.Release|Any CPU.Build.0 = Release|Any CPU
	EndGlobalSection
	GlobalSection(SolutionProperties) = preSolution
		HideSolutionNode = FALSE
	EndGlobalSection
	GlobalSection(ExtensibilityGlobals) = postSolution
		SolutionGuid = {39BCD5D9-0F71-4FC2-8A8A-4C861EAAF6C3}
	EndGlobalSection
EndGlobal
