
Microsoft Visual Studio Solution File, Format Version 12.00
# Visual Studio Version 17
VisualStudioVersion = 17.11.35222.181
MinimumVisualStudioVersion = 10.0.40219.1
Project("{FAE04EC0-301F-11D3-BF4B-00C04F79EFBC}") = "No.10951", "No.10951\No.10951.csproj", "{790F8227-D608-48C2-BD73-161DE16EB260}"
EndProject
Global
	GlobalSection(SolutionConfigurationPlatforms) = preSolution
		Debug|Any CPU = Debug|Any CPU
		Release|Any CPU = Release|Any CPU
	EndGlobalSection
	GlobalSection(ProjectConfigurationPlatforms) = postSolution
		{790F8227-D608-48C2-BD73-161DE16EB260}.Debug|Any CPU.ActiveCfg = Debug|Any CPU
		{790F8227-D608-48C2-BD73-161DE16EB260}.Debug|Any CPU.Build.0 = Debug|Any CPU
		{790F8227-D608-48C2-BD73-161DE16EB260}.Release|Any CPU.ActiveCfg = Release|Any CPU
		{790F8227-D608-48C2-BD73-161DE16EB260}.Release|Any CPU.Build.0 = Release|Any CPU
	EndGlobalSection
	GlobalSection(SolutionProperties) = preSolution
		HideSolutionNode = FALSE
	EndGlobalSection
	GlobalSection(ExtensibilityGlobals) = postSolution
		SolutionGuid = {FA027D8A-CB73-4866-9294-DB1A0927F471}
	EndGlobalSection
EndGlobal
