
Microsoft Visual Studio Solution File, Format Version 12.00
# Visual Studio Version 17
VisualStudioVersion = 17.11.35222.181
MinimumVisualStudioVersion = 10.0.40219.1
Project("{FAE04EC0-301F-11D3-BF4B-00C04F79EFBC}") = "No.15894", "No.15894\No.15894.csproj", "{7D06D81C-A995-417B-BB80-702B45C8A1EE}"
EndProject
Global
	GlobalSection(SolutionConfigurationPlatforms) = preSolution
		Debug|Any CPU = Debug|Any CPU
		Release|Any CPU = Release|Any CPU
	EndGlobalSection
	GlobalSection(ProjectConfigurationPlatforms) = postSolution
		{7D06D81C-A995-417B-BB80-702B45C8A1EE}.Debug|Any CPU.ActiveCfg = Debug|Any CPU
		{7D06D81C-A995-417B-BB80-702B45C8A1EE}.Debug|Any CPU.Build.0 = Debug|Any CPU
		{7D06D81C-A995-417B-BB80-702B45C8A1EE}.Release|Any CPU.ActiveCfg = Release|Any CPU
		{7D06D81C-A995-417B-BB80-702B45C8A1EE}.Release|Any CPU.Build.0 = Release|Any CPU
	EndGlobalSection
	GlobalSection(SolutionProperties) = preSolution
		HideSolutionNode = FALSE
	EndGlobalSection
	GlobalSection(ExtensibilityGlobals) = postSolution
		SolutionGuid = {994515B3-BF02-4D98-9F0F-9E11F5964A1A}
	EndGlobalSection
EndGlobal
