
Microsoft Visual Studio Solution File, Format Version 12.00
# Visual Studio Version 17
VisualStudioVersion = 17.11.35222.181
MinimumVisualStudioVersion = 10.0.40219.1
Project("{FAE04EC0-301F-11D3-BF4B-00C04F79EFBC}") = "No.9498", "No.9498\No.9498.csproj", "{BC039C2B-8FD7-4F5F-95D1-48D82E2880DD}"
EndProject
Global
	GlobalSection(SolutionConfigurationPlatforms) = preSolution
		Debug|Any CPU = Debug|Any CPU
		Release|Any CPU = Release|Any CPU
	EndGlobalSection
	GlobalSection(ProjectConfigurationPlatforms) = postSolution
		{BC039C2B-8FD7-4F5F-95D1-48D82E2880DD}.Debug|Any CPU.ActiveCfg = Debug|Any CPU
		{BC039C2B-8FD7-4F5F-95D1-48D82E2880DD}.Debug|Any CPU.Build.0 = Debug|Any CPU
		{BC039C2B-8FD7-4F5F-95D1-48D82E2880DD}.Release|Any CPU.ActiveCfg = Release|Any CPU
		{BC039C2B-8FD7-4F5F-95D1-48D82E2880DD}.Release|Any CPU.Build.0 = Release|Any CPU
	EndGlobalSection
	GlobalSection(SolutionProperties) = preSolution
		HideSolutionNode = FALSE
	EndGlobalSection
	GlobalSection(ExtensibilityGlobals) = postSolution
		SolutionGuid = {6BE915D9-0EE5-41CE-98A5-EB4D438C8757}
	EndGlobalSection
EndGlobal
