
Microsoft Visual Studio Solution File, Format Version 12.00
# Visual Studio Version 17
VisualStudioVersion = 17.11.35222.181
MinimumVisualStudioVersion = 10.0.40219.1
Project("{FAE04EC0-301F-11D3-BF4B-00C04F79EFBC}") = "No.9063", "No.9063\No.9063.csproj", "{D6484E85-B30E-433A-B127-18BB9879A78A}"
EndProject
Global
	GlobalSection(SolutionConfigurationPlatforms) = preSolution
		Debug|Any CPU = Debug|Any CPU
		Release|Any CPU = Release|Any CPU
	EndGlobalSection
	GlobalSection(ProjectConfigurationPlatforms) = postSolution
		{D6484E85-B30E-433A-B127-18BB9879A78A}.Debug|Any CPU.ActiveCfg = Debug|Any CPU
		{D6484E85-B30E-433A-B127-18BB9879A78A}.Debug|Any CPU.Build.0 = Debug|Any CPU
		{D6484E85-B30E-433A-B127-18BB9879A78A}.Release|Any CPU.ActiveCfg = Release|Any CPU
		{D6484E85-B30E-433A-B127-18BB9879A78A}.Release|Any CPU.Build.0 = Release|Any CPU
	EndGlobalSection
	GlobalSection(SolutionProperties) = preSolution
		HideSolutionNode = FALSE
	EndGlobalSection
	GlobalSection(ExtensibilityGlobals) = postSolution
		SolutionGuid = {B675D099-79B2-4862-8603-7B6192ADEAC9}
	EndGlobalSection
EndGlobal
