
Microsoft Visual Studio Solution File, Format Version 12.00
# Visual Studio Version 17
VisualStudioVersion = 17.11.35222.181
MinimumVisualStudioVersion = 10.0.40219.1
Project("{FAE04EC0-301F-11D3-BF4B-00C04F79EFBC}") = "No.8393", "No.8393\No.8393.csproj", "{ED1FD0A9-6E07-40EC-8FDB-2BBB1648A40A}"
EndProject
Global
	GlobalSection(SolutionConfigurationPlatforms) = preSolution
		Debug|Any CPU = Debug|Any CPU
		Release|Any CPU = Release|Any CPU
	EndGlobalSection
	GlobalSection(ProjectConfigurationPlatforms) = postSolution
		{ED1FD0A9-6E07-40EC-8FDB-2BBB1648A40A}.Debug|Any CPU.ActiveCfg = Debug|Any CPU
		{ED1FD0A9-6E07-40EC-8FDB-2BBB1648A40A}.Debug|Any CPU.Build.0 = Debug|Any CPU
		{ED1FD0A9-6E07-40EC-8FDB-2BBB1648A40A}.Release|Any CPU.ActiveCfg = Release|Any CPU
		{ED1FD0A9-6E07-40EC-8FDB-2BBB1648A40A}.Release|Any CPU.Build.0 = Release|Any CPU
	EndGlobalSection
	GlobalSection(SolutionProperties) = preSolution
		HideSolutionNode = FALSE
	EndGlobalSection
	GlobalSection(ExtensibilityGlobals) = postSolution
		SolutionGuid = {6C181FD4-2B59-4E11-8AEB-3FEDA6CE6773}
	EndGlobalSection
EndGlobal
