
Microsoft Visual Studio Solution File, Format Version 12.00
# Visual Studio Version 17
VisualStudioVersion = 17.11.35222.181
MinimumVisualStudioVersion = 10.0.40219.1
Project("{FAE04EC0-301F-11D3-BF4B-00C04F79EFBC}") = "No.2869", "No.2869\No.2869.csproj", "{73BCECD2-C01D-490B-B206-7FA915E3E557}"
EndProject
Global
	GlobalSection(SolutionConfigurationPlatforms) = preSolution
		Debug|Any CPU = Debug|Any CPU
		Release|Any CPU = Release|Any CPU
	EndGlobalSection
	GlobalSection(ProjectConfigurationPlatforms) = postSolution
		{73BCECD2-C01D-490B-B206-7FA915E3E557}.Debug|Any CPU.ActiveCfg = Debug|Any CPU
		{73BCECD2-C01D-490B-B206-7FA915E3E557}.Debug|Any CPU.Build.0 = Debug|Any CPU
		{73BCECD2-C01D-490B-B206-7FA915E3E557}.Release|Any CPU.ActiveCfg = Release|Any CPU
		{73BCECD2-C01D-490B-B206-7FA915E3E557}.Release|Any CPU.Build.0 = Release|Any CPU
	EndGlobalSection
	GlobalSection(SolutionProperties) = preSolution
		HideSolutionNode = FALSE
	EndGlobalSection
	GlobalSection(ExtensibilityGlobals) = postSolution
		SolutionGuid = {E0A75E3A-571A-4D53-A86A-010E95A8D799}
	EndGlobalSection
EndGlobal
