
Microsoft Visual Studio Solution File, Format Version 12.00
# Visual Studio Version 17
VisualStudioVersion = 17.11.35222.181
MinimumVisualStudioVersion = 10.0.40219.1
Project("{FAE04EC0-301F-11D3-BF4B-00C04F79EFBC}") = "No.27323", "No.27323\No.27323.csproj", "{2F0CEF73-0EFE-413C-AE19-76075266884F}"
EndProject
Global
	GlobalSection(SolutionConfigurationPlatforms) = preSolution
		Debug|Any CPU = Debug|Any CPU
		Release|Any CPU = Release|Any CPU
	EndGlobalSection
	GlobalSection(ProjectConfigurationPlatforms) = postSolution
		{2F0CEF73-0EFE-413C-AE19-76075266884F}.Debug|Any CPU.ActiveCfg = Debug|Any CPU
		{2F0CEF73-0EFE-413C-AE19-76075266884F}.Debug|Any CPU.Build.0 = Debug|Any CPU
		{2F0CEF73-0EFE-413C-AE19-76075266884F}.Release|Any CPU.ActiveCfg = Release|Any CPU
		{2F0CEF73-0EFE-413C-AE19-76075266884F}.Release|Any CPU.Build.0 = Release|Any CPU
	EndGlobalSection
	GlobalSection(SolutionProperties) = preSolution
		HideSolutionNode = FALSE
	EndGlobalSection
	GlobalSection(ExtensibilityGlobals) = postSolution
		SolutionGuid = {9E38FBAD-96AA-48F1-A940-58AF84997983}
	EndGlobalSection
EndGlobal
