
Microsoft Visual Studio Solution File, Format Version 12.00
# Visual Studio Version 17
VisualStudioVersion = 17.11.35222.181
MinimumVisualStudioVersion = 10.0.40219.1
Project("{FAE04EC0-301F-11D3-BF4B-00C04F79EFBC}") = "No.2581", "No.2581\No.2581.csproj", "{D53E0719-4CF3-47FC-94D5-18F680BFE5A1}"
EndProject
Global
	GlobalSection(SolutionConfigurationPlatforms) = preSolution
		Debug|Any CPU = Debug|Any CPU
		Release|Any CPU = Release|Any CPU
	EndGlobalSection
	GlobalSection(ProjectConfigurationPlatforms) = postSolution
		{D53E0719-4CF3-47FC-94D5-18F680BFE5A1}.Debug|Any CPU.ActiveCfg = Debug|Any CPU
		{D53E0719-4CF3-47FC-94D5-18F680BFE5A1}.Debug|Any CPU.Build.0 = Debug|Any CPU
		{D53E0719-4CF3-47FC-94D5-18F680BFE5A1}.Release|Any CPU.ActiveCfg = Release|Any CPU
		{D53E0719-4CF3-47FC-94D5-18F680BFE5A1}.Release|Any CPU.Build.0 = Release|Any CPU
	EndGlobalSection
	GlobalSection(SolutionProperties) = preSolution
		HideSolutionNode = FALSE
	EndGlobalSection
	GlobalSection(ExtensibilityGlobals) = postSolution
		SolutionGuid = {CFDC1A36-3766-4180-A651-89C762C088D8}
	EndGlobalSection
EndGlobal
