
Microsoft Visual Studio Solution File, Format Version 12.00
# Visual Studio Version 17
VisualStudioVersion = 17.11.35222.181
MinimumVisualStudioVersion = 10.0.40219.1
Project("{FAE04EC0-301F-11D3-BF4B-00C04F79EFBC}") = "No.10818", "No.10818\No.10818.csproj", "{21F4A6F0-2438-426F-88EF-0CDB77955500}"
EndProject
Global
	GlobalSection(SolutionConfigurationPlatforms) = preSolution
		Debug|Any CPU = Debug|Any CPU
		Release|Any CPU = Release|Any CPU
	EndGlobalSection
	GlobalSection(ProjectConfigurationPlatforms) = postSolution
		{21F4A6F0-2438-426F-88EF-0CDB77955500}.Debug|Any CPU.ActiveCfg = Debug|Any CPU
		{21F4A6F0-2438-426F-88EF-0CDB77955500}.Debug|Any CPU.Build.0 = Debug|Any CPU
		{21F4A6F0-2438-426F-88EF-0CDB77955500}.Release|Any CPU.ActiveCfg = Release|Any CPU
		{21F4A6F0-2438-426F-88EF-0CDB77955500}.Release|Any CPU.Build.0 = Release|Any CPU
	EndGlobalSection
	GlobalSection(SolutionProperties) = preSolution
		HideSolutionNode = FALSE
	EndGlobalSection
	GlobalSection(ExtensibilityGlobals) = postSolution
		SolutionGuid = {391A6F2D-F70A-4227-99D8-D5C2C2918AC7}
	EndGlobalSection
EndGlobal
