
Microsoft Visual Studio Solution File, Format Version 12.00
# Visual Studio Version 17
VisualStudioVersion = 17.11.35222.181
MinimumVisualStudioVersion = 10.0.40219.1
Project("{FAE04EC0-301F-11D3-BF4B-00C04F79EFBC}") = "No.2745", "No.2745\No.2745.csproj", "{F152889F-F8D8-4C27-B1BE-3268A71A050C}"
EndProject
Global
	GlobalSection(SolutionConfigurationPlatforms) = preSolution
		Debug|Any CPU = Debug|Any CPU
		Release|Any CPU = Release|Any CPU
	EndGlobalSection
	GlobalSection(ProjectConfigurationPlatforms) = postSolution
		{F152889F-F8D8-4C27-B1BE-3268A71A050C}.Debug|Any CPU.ActiveCfg = Debug|Any CPU
		{F152889F-F8D8-4C27-B1BE-3268A71A050C}.Debug|Any CPU.Build.0 = Debug|Any CPU
		{F152889F-F8D8-4C27-B1BE-3268A71A050C}.Release|Any CPU.ActiveCfg = Release|Any CPU
		{F152889F-F8D8-4C27-B1BE-3268A71A050C}.Release|Any CPU.Build.0 = Release|Any CPU
	EndGlobalSection
	GlobalSection(SolutionProperties) = preSolution
		HideSolutionNode = FALSE
	EndGlobalSection
	GlobalSection(ExtensibilityGlobals) = postSolution
		SolutionGuid = {F3F9E273-0746-4962-96B9-34BADB9EF929}
	EndGlobalSection
EndGlobal
