
Microsoft Visual Studio Solution File, Format Version 12.00
# Visual Studio Version 17
VisualStudioVersion = 17.11.35222.181
MinimumVisualStudioVersion = 10.0.40219.1
Project("{FAE04EC0-301F-11D3-BF4B-00C04F79EFBC}") = "No.1546", "No.1546\No.1546.csproj", "{818B9C29-61BD-4213-91A8-DD324ED7F270}"
EndProject
Global
	GlobalSection(SolutionConfigurationPlatforms) = preSolution
		Debug|Any CPU = Debug|Any CPU
		Release|Any CPU = Release|Any CPU
	EndGlobalSection
	GlobalSection(ProjectConfigurationPlatforms) = postSolution
		{818B9C29-61BD-4213-91A8-DD324ED7F270}.Debug|Any CPU.ActiveCfg = Debug|Any CPU
		{818B9C29-61BD-4213-91A8-DD324ED7F270}.Debug|Any CPU.Build.0 = Debug|Any CPU
		{818B9C29-61BD-4213-91A8-DD324ED7F270}.Release|Any CPU.ActiveCfg = Release|Any CPU
		{818B9C29-61BD-4213-91A8-DD324ED7F270}.Release|Any CPU.Build.0 = Release|Any CPU
	EndGlobalSection
	GlobalSection(SolutionProperties) = preSolution
		HideSolutionNode = FALSE
	EndGlobalSection
	GlobalSection(ExtensibilityGlobals) = postSolution
		SolutionGuid = {751E1B15-8CDE-4A9D-B0A6-879D816C1456}
	EndGlobalSection
EndGlobal
