
Microsoft Visual Studio Solution File, Format Version 12.00
# Visual Studio Version 17
VisualStudioVersion = 17.11.35222.181
MinimumVisualStudioVersion = 10.0.40219.1
Project("{FAE04EC0-301F-11D3-BF4B-00C04F79EFBC}") = "No.11654", "No.11654\No.11654.csproj", "{FDDBDD2E-010F-42E4-8474-DE78F299D92A}"
EndProject
Global
	GlobalSection(SolutionConfigurationPlatforms) = preSolution
		Debug|Any CPU = Debug|Any CPU
		Release|Any CPU = Release|Any CPU
	EndGlobalSection
	GlobalSection(ProjectConfigurationPlatforms) = postSolution
		{FDDBDD2E-010F-42E4-8474-DE78F299D92A}.Debug|Any CPU.ActiveCfg = Debug|Any CPU
		{FDDBDD2E-010F-42E4-8474-DE78F299D92A}.Debug|Any CPU.Build.0 = Debug|Any CPU
		{FDDBDD2E-010F-42E4-8474-DE78F299D92A}.Release|Any CPU.ActiveCfg = Release|Any CPU
		{FDDBDD2E-010F-42E4-8474-DE78F299D92A}.Release|Any CPU.Build.0 = Release|Any CPU
	EndGlobalSection
	GlobalSection(SolutionProperties) = preSolution
		HideSolutionNode = FALSE
	EndGlobalSection
	GlobalSection(ExtensibilityGlobals) = postSolution
		SolutionGuid = {E0F452FD-4CF1-425F-BE47-136C1BA4F3D6}
	EndGlobalSection
EndGlobal
