
Microsoft Visual Studio Solution File, Format Version 12.00
# Visual Studio Version 17
VisualStudioVersion = 17.11.35222.181
MinimumVisualStudioVersion = 10.0.40219.1
Project("{FAE04EC0-301F-11D3-BF4B-00C04F79EFBC}") = "No.27866", "No.27866\No.27866.csproj", "{FF63E494-0729-4380-B640-8AF9110A128C}"
EndProject
Global
	GlobalSection(SolutionConfigurationPlatforms) = preSolution
		Debug|Any CPU = Debug|Any CPU
		Release|Any CPU = Release|Any CPU
	EndGlobalSection
	GlobalSection(ProjectConfigurationPlatforms) = postSolution
		{FF63E494-0729-4380-B640-8AF9110A128C}.Debug|Any CPU.ActiveCfg = Debug|Any CPU
		{FF63E494-0729-4380-B640-8AF9110A128C}.Debug|Any CPU.Build.0 = Debug|Any CPU
		{FF63E494-0729-4380-B640-8AF9110A128C}.Release|Any CPU.ActiveCfg = Release|Any CPU
		{FF63E494-0729-4380-B640-8AF9110A128C}.Release|Any CPU.Build.0 = Release|Any CPU
	EndGlobalSection
	GlobalSection(SolutionProperties) = preSolution
		HideSolutionNode = FALSE
	EndGlobalSection
	GlobalSection(ExtensibilityGlobals) = postSolution
		SolutionGuid = {D504280C-E8FB-4406-9059-7A501EE3544D}
	EndGlobalSection
EndGlobal
