
Microsoft Visual Studio Solution File, Format Version 12.00
# Visual Studio Version 17
VisualStudioVersion = 17.11.35222.181
MinimumVisualStudioVersion = 10.0.40219.1
Project("{FAE04EC0-301F-11D3-BF4B-00C04F79EFBC}") = "No.2908", "No.2908\No.2908.csproj", "{D30001D3-D42C-4B7E-8B76-84EC856A9716}"
EndProject
Global
	GlobalSection(SolutionConfigurationPlatforms) = preSolution
		Debug|Any CPU = Debug|Any CPU
		Release|Any CPU = Release|Any CPU
	EndGlobalSection
	GlobalSection(ProjectConfigurationPlatforms) = postSolution
		{D30001D3-D42C-4B7E-8B76-84EC856A9716}.Debug|Any CPU.ActiveCfg = Debug|Any CPU
		{D30001D3-D42C-4B7E-8B76-84EC856A9716}.Debug|Any CPU.Build.0 = Debug|Any CPU
		{D30001D3-D42C-4B7E-8B76-84EC856A9716}.Release|Any CPU.ActiveCfg = Release|Any CPU
		{D30001D3-D42C-4B7E-8B76-84EC856A9716}.Release|Any CPU.Build.0 = Release|Any CPU
	EndGlobalSection
	GlobalSection(SolutionProperties) = preSolution
		HideSolutionNode = FALSE
	EndGlobalSection
	GlobalSection(ExtensibilityGlobals) = postSolution
		SolutionGuid = {5619563D-5884-48B6-8A52-AA14F4374FF7}
	EndGlobalSection
EndGlobal
