
Microsoft Visual Studio Solution File, Format Version 12.00
# Visual Studio Version 17
VisualStudioVersion = 17.11.35222.181
MinimumVisualStudioVersion = 10.0.40219.1
Project("{FAE04EC0-301F-11D3-BF4B-00C04F79EFBC}") = "No.11382", "No.11382\No.11382.csproj", "{BF952C1D-54CC-45EB-8399-3BAB932C7A4A}"
EndProject
Global
	GlobalSection(SolutionConfigurationPlatforms) = preSolution
		Debug|Any CPU = Debug|Any CPU
		Release|Any CPU = Release|Any CPU
	EndGlobalSection
	GlobalSection(ProjectConfigurationPlatforms) = postSolution
		{BF952C1D-54CC-45EB-8399-3BAB932C7A4A}.Debug|Any CPU.ActiveCfg = Debug|Any CPU
		{BF952C1D-54CC-45EB-8399-3BAB932C7A4A}.Debug|Any CPU.Build.0 = Debug|Any CPU
		{BF952C1D-54CC-45EB-8399-3BAB932C7A4A}.Release|Any CPU.ActiveCfg = Release|Any CPU
		{BF952C1D-54CC-45EB-8399-3BAB932C7A4A}.Release|Any CPU.Build.0 = Release|Any CPU
	EndGlobalSection
	GlobalSection(SolutionProperties) = preSolution
		HideSolutionNode = FALSE
	EndGlobalSection
	GlobalSection(ExtensibilityGlobals) = postSolution
		SolutionGuid = {19B3BE09-EBC5-43A7-823B-FFF4479DF46A}
	EndGlobalSection
EndGlobal
