
Microsoft Visual Studio Solution File, Format Version 12.00
# Visual Studio Version 17
VisualStudioVersion = 17.11.35222.181
MinimumVisualStudioVersion = 10.0.40219.1
Project("{FAE04EC0-301F-11D3-BF4B-00C04F79EFBC}") = "No.10101", "No.10101\No.10101.csproj", "{C26A7601-67EC-4332-942A-18B8921E27BD}"
EndProject
Global
	GlobalSection(SolutionConfigurationPlatforms) = preSolution
		Debug|Any CPU = Debug|Any CPU
		Release|Any CPU = Release|Any CPU
	EndGlobalSection
	GlobalSection(ProjectConfigurationPlatforms) = postSolution
		{C26A7601-67EC-4332-942A-18B8921E27BD}.Debug|Any CPU.ActiveCfg = Debug|Any CPU
		{C26A7601-67EC-4332-942A-18B8921E27BD}.Debug|Any CPU.Build.0 = Debug|Any CPU
		{C26A7601-67EC-4332-942A-18B8921E27BD}.Release|Any CPU.ActiveCfg = Release|Any CPU
		{C26A7601-67EC-4332-942A-18B8921E27BD}.Release|Any CPU.Build.0 = Release|Any CPU
	EndGlobalSection
	GlobalSection(SolutionProperties) = preSolution
		HideSolutionNode = FALSE
	EndGlobalSection
	GlobalSection(ExtensibilityGlobals) = postSolution
		SolutionGuid = {BF51B879-6F0D-4227-B0C9-1D6EEF6297CA}
	EndGlobalSection
EndGlobal
