
Microsoft Visual Studio Solution File, Format Version 12.00
# Visual Studio Version 17
VisualStudioVersion = 17.11.35222.181
MinimumVisualStudioVersion = 10.0.40219.1
Project("{FAE04EC0-301F-11D3-BF4B-00C04F79EFBC}") = "No.2738", "No.2738\No.2738.csproj", "{68B07F98-F51A-426A-B3A2-676FDD0BA7AA}"
EndProject
Global
	GlobalSection(SolutionConfigurationPlatforms) = preSolution
		Debug|Any CPU = Debug|Any CPU
		Release|Any CPU = Release|Any CPU
	EndGlobalSection
	GlobalSection(ProjectConfigurationPlatforms) = postSolution
		{68B07F98-F51A-426A-B3A2-676FDD0BA7AA}.Debug|Any CPU.ActiveCfg = Debug|Any CPU
		{68B07F98-F51A-426A-B3A2-676FDD0BA7AA}.Debug|Any CPU.Build.0 = Debug|Any CPU
		{68B07F98-F51A-426A-B3A2-676FDD0BA7AA}.Release|Any CPU.ActiveCfg = Release|Any CPU
		{68B07F98-F51A-426A-B3A2-676FDD0BA7AA}.Release|Any CPU.Build.0 = Release|Any CPU
	EndGlobalSection
	GlobalSection(SolutionProperties) = preSolution
		HideSolutionNode = FALSE
	EndGlobalSection
	GlobalSection(ExtensibilityGlobals) = postSolution
		SolutionGuid = {F0D118B7-0D27-45ED-95D3-A33B211CBC35}
	EndGlobalSection
EndGlobal
