
Microsoft Visual Studio Solution File, Format Version 12.00
# Visual Studio Version 17
VisualStudioVersion = 17.11.35222.181
MinimumVisualStudioVersion = 10.0.40219.1
Project("{FAE04EC0-301F-11D3-BF4B-00C04F79EFBC}") = "No.10811", "No.10811\No.10811.csproj", "{53281409-C17B-40E4-BF40-0AC7FDE4DBF5}"
EndProject
Global
	GlobalSection(SolutionConfigurationPlatforms) = preSolution
		Debug|Any CPU = Debug|Any CPU
		Release|Any CPU = Release|Any CPU
	EndGlobalSection
	GlobalSection(ProjectConfigurationPlatforms) = postSolution
		{53281409-C17B-40E4-BF40-0AC7FDE4DBF5}.Debug|Any CPU.ActiveCfg = Debug|Any CPU
		{53281409-C17B-40E4-BF40-0AC7FDE4DBF5}.Debug|Any CPU.Build.0 = Debug|Any CPU
		{53281409-C17B-40E4-BF40-0AC7FDE4DBF5}.Release|Any CPU.ActiveCfg = Release|Any CPU
		{53281409-C17B-40E4-BF40-0AC7FDE4DBF5}.Release|Any CPU.Build.0 = Release|Any CPU
	EndGlobalSection
	GlobalSection(SolutionProperties) = preSolution
		HideSolutionNode = FALSE
	EndGlobalSection
	GlobalSection(ExtensibilityGlobals) = postSolution
		SolutionGuid = {9A35318F-5D3F-4400-ACED-FCBFECA1E0A7}
	EndGlobalSection
EndGlobal
